
Microsoft Visual Studio Solution File, Format Version 12.00
# Visual Studio 16
Project("{FAE04EC0-301F-11D3-BF4B-00C04F79EFBC}") = "Assembly-CSharp", "Assembly-CSharp.csproj", "{13639F29-8D91-4CB2-68D2-E01B2A3CC96D}"
EndProject
Project("{FAE04EC0-301F-11D3-BF4B-00C04F79EFBC}") = "Assembly-CSharp-firstpass", "Assembly-CSharp-firstpass.csproj", "{0AA5796B-C350-1970-9CA0-8396C443D539}"
EndProject
Project("{FAE04EC0-301F-11D3-BF4B-00C04F79EFBC}") = "Assembly-CSharp-Editor-firstpass", "Assembly-CSharp-Editor-firstpass.csproj", "{AE99E14E-7099-9A73-B1B3-F73BD2C88558}"
EndProject
Global
	GlobalSection(SolutionConfigurationPlatforms) = preSolution
		Debug|Any CPU = Debug|Any CPU
		Release|Any CPU = Release|Any CPU
	EndGlobalSection
	GlobalSection(ProjectConfigurationPlatforms) = postSolution
		{13639F29-8D91-4CB2-68D2-E01B2A3CC96D}.Debug|Any CPU.ActiveCfg = Debug|Any CPU
		{13639F29-8D91-4CB2-68D2-E01B2A3CC96D}.Debug|Any CPU.Build.0 = Debug|Any CPU
		{13639F29-8D91-4CB2-68D2-E01B2A3CC96D}.Release|Any CPU.ActiveCfg = Release|Any CPU
		{13639F29-8D91-4CB2-68D2-E01B2A3CC96D}.Release|Any CPU.Build.0 = Release|Any CPU
		{0AA5796B-C350-1970-9CA0-8396C443D539}.Debug|Any CPU.ActiveCfg = Debug|Any CPU
		{0AA5796B-C350-1970-9CA0-8396C443D539}.Debug|Any CPU.Build.0 = Debug|Any CPU
		{0AA5796B-C350-1970-9CA0-8396C443D539}.Release|Any CPU.ActiveCfg = Release|Any CPU
		{0AA5796B-C350-1970-9CA0-8396C443D539}.Release|Any CPU.Build.0 = Release|Any CPU
		{AE99E14E-7099-9A73-B1B3-F73BD2C88558}.Debug|Any CPU.ActiveCfg = Debug|Any CPU
		{AE99E14E-7099-9A73-B1B3-F73BD2C88558}.Debug|Any CPU.Build.0 = Debug|Any CPU
		{AE99E14E-7099-9A73-B1B3-F73BD2C88558}.Release|Any CPU.ActiveCfg = Release|Any CPU
		{AE99E14E-7099-9A73-B1B3-F73BD2C88558}.Release|Any CPU.Build.0 = Release|Any CPU
	EndGlobalSection
	GlobalSection(SolutionProperties) = preSolution
		HideSolutionNode = FALSE
	EndGlobalSection
EndGlobal
